
Microsoft Visual Studio Solution File, Format Version 12.00
# Visual Studio Version 16
VisualStudioVersion = 16.0.31613.86
MinimumVisualStudioVersion = 10.0.40219.1
Project("{FAE04EC0-301F-11D3-BF4B-00C04F79EFBC}") = "Streamish", "Streamish\Streamish.csproj", "{24656F4A-79FE-457E-ADEA-4A61034B22C8}"
EndProject
Global
	GlobalSection(SolutionConfigurationPlatforms) = preSolution
		Debug|Any CPU = Debug|Any CPU
		Release|Any CPU = Release|Any CPU
	EndGlobalSection
	GlobalSection(ProjectConfigurationPlatforms) = postSolution
		{24656F4A-79FE-457E-ADEA-4A61034B22C8}.Debug|Any CPU.ActiveCfg = Debug|Any CPU
		{24656F4A-79FE-457E-ADEA-4A61034B22C8}.Debug|Any CPU.Build.0 = Debug|Any CPU
		{24656F4A-79FE-457E-ADEA-4A61034B22C8}.Release|Any CPU.ActiveCfg = Release|Any CPU
		{24656F4A-79FE-457E-ADEA-4A61034B22C8}.Release|Any CPU.Build.0 = Release|Any CPU
	EndGlobalSection
	GlobalSection(SolutionProperties) = preSolution
		HideSolutionNode = FALSE
	EndGlobalSection
	GlobalSection(ExtensibilityGlobals) = postSolution
		SolutionGuid = {969EAFF9-87BA-49EA-865F-DE1A90C8A256}
	EndGlobalSection
EndGlobal
